// !$*UTF8*$!
{
	archiveVersion = 1;
	classes = {
	};
	objectVersion = 56;
	objects = {

/* Begin PBXBuildFile section */
		37229D382B5E60AD00054B57 /* CommunityViewController.swift in Sources */ = {isa = PBXBuildFile; fileRef = 37229D372B5E60AD00054B57 /* CommunityViewController.swift */; };
		37229D3A2B5E60C100054B57 /* CommunityView.swift in Sources */ = {isa = PBXBuildFile; fileRef = 37229D392B5E60C100054B57 /* CommunityView.swift */; };
		37229D3D2B5E6E3C00054B57 /* SnapKit in Frameworks */ = {isa = PBXBuildFile; productRef = 37229D3C2B5E6E3C00054B57 /* SnapKit */; };
		37229D3F2B5E6E3C00054B57 /* SnapKit-Dynamic in Frameworks */ = {isa = PBXBuildFile; productRef = 37229D3E2B5E6E3C00054B57 /* SnapKit-Dynamic */; };
		37229D412B5E7AF700054B57 /* FreeBoardTableViewCell.swift in Sources */ = {isa = PBXBuildFile; fileRef = 37229D402B5E7AF700054B57 /* FreeBoardTableViewCell.swift */; };
		37D84CCE2B6A6C4F00DDB2AF /* ImageSlideshow in Frameworks */ = {isa = PBXBuildFile; productRef = 37D84CCD2B6A6C4F00DDB2AF /* ImageSlideshow */; };
		37D84CD02B6A6C4F00DDB2AF /* ImageSlideshow/Alamofire in Frameworks */ = {isa = PBXBuildFile; productRef = 37D84CCF2B6A6C4F00DDB2AF /* ImageSlideshow/Alamofire */; };
		37D84CD22B6B7F7100DDB2AF /* FreeBoardDetailViewController.swift in Sources */ = {isa = PBXBuildFile; fileRef = 37D84CD12B6B7F7000DDB2AF /* FreeBoardDetailViewController.swift */; };
		37D84CD42B6B821600DDB2AF /* FreeBoardDetailView.swift in Sources */ = {isa = PBXBuildFile; fileRef = 37D84CD32B6B821600DDB2AF /* FreeBoardDetailView.swift */; };
		37D84CD62B6B86BC00DDB2AF /* FreeBoardDetailContentTableViewCell.swift in Sources */ = {isa = PBXBuildFile; fileRef = 37D84CD52B6B86BC00DDB2AF /* FreeBoardDetailContentTableViewCell.swift */; };
		37D84CD82B6B8A3600DDB2AF /* FreeBoardDetailCommentTableViewCell.swift in Sources */ = {isa = PBXBuildFile; fileRef = 37D84CD72B6B8A3600DDB2AF /* FreeBoardDetailCommentTableViewCell.swift */; };
		37D84CDA2B6B8B8D00DDB2AF /* FreeBoardDetailNestedCommentTableViewCell.swift in Sources */ = {isa = PBXBuildFile; fileRef = 37D84CD92B6B8B8D00DDB2AF /* FreeBoardDetailNestedCommentTableViewCell.swift */; };
		37DD822E2B7BD80F0088CA9A /* CommunityPostViewController.swift in Sources */ = {isa = PBXBuildFile; fileRef = 37DD822D2B7BD80E0088CA9A /* CommunityPostViewController.swift */; };
		37DD82312B7BD8750088CA9A /* CommunityPostView.swift in Sources */ = {isa = PBXBuildFile; fileRef = 37DD82302B7BD8750088CA9A /* CommunityPostView.swift */; };
		BC3CECC82B4FACC300546377 /* AppDelegate.swift in Sources */ = {isa = PBXBuildFile; fileRef = BC3CECC72B4FACC300546377 /* AppDelegate.swift */; };
		BC3CECCA2B4FACC300546377 /* SceneDelegate.swift in Sources */ = {isa = PBXBuildFile; fileRef = BC3CECC92B4FACC300546377 /* SceneDelegate.swift */; };
		BC3CECCC2B4FACC300546377 /* ViewController.swift in Sources */ = {isa = PBXBuildFile; fileRef = BC3CECCB2B4FACC300546377 /* ViewController.swift */; };
		BC3CECCF2B4FACC300546377 /* Main.storyboard in Resources */ = {isa = PBXBuildFile; fileRef = BC3CECCD2B4FACC300546377 /* Main.storyboard */; };
		BC3CECD12B4FACC400546377 /* Assets.xcassets in Resources */ = {isa = PBXBuildFile; fileRef = BC3CECD02B4FACC400546377 /* Assets.xcassets */; };
		BC3CECD42B4FACC400546377 /* LaunchScreen.storyboard in Resources */ = {isa = PBXBuildFile; fileRef = BC3CECD22B4FACC400546377 /* LaunchScreen.storyboard */; };
		BC93BA322B56CEDE00775C5F /* Pretendard-Black.otf in Resources */ = {isa = PBXBuildFile; fileRef = BC93BA2D2B56CD8C00775C5F /* Pretendard-Black.otf */; };
		BC93BA332B56CEDE00775C5F /* Pretendard-Bold.otf in Resources */ = {isa = PBXBuildFile; fileRef = BC93BA312B56CD8C00775C5F /* Pretendard-Bold.otf */; };
		BC93BA342B56CEDE00775C5F /* Pretendard-ExtraBold.otf in Resources */ = {isa = PBXBuildFile; fileRef = BC93BA302B56CD8C00775C5F /* Pretendard-ExtraBold.otf */; };
		BC93BA352B56CEDE00775C5F /* Pretendard-ExtraLight.otf in Resources */ = {isa = PBXBuildFile; fileRef = BC93BA2C2B56CD8C00775C5F /* Pretendard-ExtraLight.otf */; };
		BC93BA362B56CEDE00775C5F /* Pretendard-Light.otf in Resources */ = {isa = PBXBuildFile; fileRef = BC93BA292B56CD8C00775C5F /* Pretendard-Light.otf */; };
		BC93BA372B56CEDE00775C5F /* Pretendard-Medium.otf in Resources */ = {isa = PBXBuildFile; fileRef = BC93BA2A2B56CD8C00775C5F /* Pretendard-Medium.otf */; };
		BC93BA382B56CEDE00775C5F /* Pretendard-Regular.otf in Resources */ = {isa = PBXBuildFile; fileRef = BC93BA2E2B56CD8C00775C5F /* Pretendard-Regular.otf */; };
		BC93BA392B56CEDE00775C5F /* Pretendard-SemiBold.otf in Resources */ = {isa = PBXBuildFile; fileRef = BC93BA2F2B56CD8C00775C5F /* Pretendard-SemiBold.otf */; };
		BC93BA3A2B56CEDE00775C5F /* Pretendard-Thin.otf in Resources */ = {isa = PBXBuildFile; fileRef = BC93BA2B2B56CD8C00775C5F /* Pretendard-Thin.otf */; };
		BC93BA3D2B56CF2A00775C5F /* UILabel+Extension.swift in Sources */ = {isa = PBXBuildFile; fileRef = BC93BA3C2B56CF2A00775C5F /* UILabel+Extension.swift */; };
/* End PBXBuildFile section */

/* Begin PBXFileReference section */
		37229D372B5E60AD00054B57 /* CommunityViewController.swift */ = {isa = PBXFileReference; lastKnownFileType = sourcecode.swift; path = CommunityViewController.swift; sourceTree = "<group>"; };
		37229D392B5E60C100054B57 /* CommunityView.swift */ = {isa = PBXFileReference; lastKnownFileType = sourcecode.swift; path = CommunityView.swift; sourceTree = "<group>"; };
		37229D402B5E7AF700054B57 /* FreeBoardTableViewCell.swift */ = {isa = PBXFileReference; lastKnownFileType = sourcecode.swift; path = FreeBoardTableViewCell.swift; sourceTree = "<group>"; };
		37D84CD12B6B7F7000DDB2AF /* FreeBoardDetailViewController.swift */ = {isa = PBXFileReference; lastKnownFileType = sourcecode.swift; path = FreeBoardDetailViewController.swift; sourceTree = "<group>"; };
		37D84CD32B6B821600DDB2AF /* FreeBoardDetailView.swift */ = {isa = PBXFileReference; lastKnownFileType = sourcecode.swift; path = FreeBoardDetailView.swift; sourceTree = "<group>"; };
		37D84CD52B6B86BC00DDB2AF /* FreeBoardDetailContentTableViewCell.swift */ = {isa = PBXFileReference; lastKnownFileType = sourcecode.swift; path = FreeBoardDetailContentTableViewCell.swift; sourceTree = "<group>"; };
		37D84CD72B6B8A3600DDB2AF /* FreeBoardDetailCommentTableViewCell.swift */ = {isa = PBXFileReference; lastKnownFileType = sourcecode.swift; path = FreeBoardDetailCommentTableViewCell.swift; sourceTree = "<group>"; };
		37D84CD92B6B8B8D00DDB2AF /* FreeBoardDetailNestedCommentTableViewCell.swift */ = {isa = PBXFileReference; lastKnownFileType = sourcecode.swift; path = FreeBoardDetailNestedCommentTableViewCell.swift; sourceTree = "<group>"; };
		37DD822D2B7BD80E0088CA9A /* CommunityPostViewController.swift */ = {isa = PBXFileReference; lastKnownFileType = sourcecode.swift; path = CommunityPostViewController.swift; sourceTree = "<group>"; };
		37DD82302B7BD8750088CA9A /* CommunityPostView.swift */ = {isa = PBXFileReference; lastKnownFileType = sourcecode.swift; path = CommunityPostView.swift; sourceTree = "<group>"; };
		BC3CECC42B4FACC300546377 /* UMC-Kitten-iOS.app */ = {isa = PBXFileReference; explicitFileType = wrapper.application; includeInIndex = 0; path = "UMC-Kitten-iOS.app"; sourceTree = BUILT_PRODUCTS_DIR; };
		BC3CECC72B4FACC300546377 /* AppDelegate.swift */ = {isa = PBXFileReference; lastKnownFileType = sourcecode.swift; path = AppDelegate.swift; sourceTree = "<group>"; };
		BC3CECC92B4FACC300546377 /* SceneDelegate.swift */ = {isa = PBXFileReference; lastKnownFileType = sourcecode.swift; path = SceneDelegate.swift; sourceTree = "<group>"; };
		BC3CECCB2B4FACC300546377 /* ViewController.swift */ = {isa = PBXFileReference; lastKnownFileType = sourcecode.swift; path = ViewController.swift; sourceTree = "<group>"; };
		BC3CECCE2B4FACC300546377 /* Base */ = {isa = PBXFileReference; lastKnownFileType = file.storyboard; name = Base; path = Base.lproj/Main.storyboard; sourceTree = "<group>"; };
		BC3CECD02B4FACC400546377 /* Assets.xcassets */ = {isa = PBXFileReference; lastKnownFileType = folder.assetcatalog; path = Assets.xcassets; sourceTree = "<group>"; };
		BC3CECD32B4FACC400546377 /* Base */ = {isa = PBXFileReference; lastKnownFileType = file.storyboard; name = Base; path = Base.lproj/LaunchScreen.storyboard; sourceTree = "<group>"; };
		BC3CECD52B4FACC400546377 /* Info.plist */ = {isa = PBXFileReference; lastKnownFileType = text.plist.xml; path = Info.plist; sourceTree = "<group>"; };
		BC93BA292B56CD8C00775C5F /* Pretendard-Light.otf */ = {isa = PBXFileReference; lastKnownFileType = file; path = "Pretendard-Light.otf"; sourceTree = "<group>"; };
		BC93BA2A2B56CD8C00775C5F /* Pretendard-Medium.otf */ = {isa = PBXFileReference; lastKnownFileType = file; path = "Pretendard-Medium.otf"; sourceTree = "<group>"; };
		BC93BA2B2B56CD8C00775C5F /* Pretendard-Thin.otf */ = {isa = PBXFileReference; lastKnownFileType = file; path = "Pretendard-Thin.otf"; sourceTree = "<group>"; };
		BC93BA2C2B56CD8C00775C5F /* Pretendard-ExtraLight.otf */ = {isa = PBXFileReference; lastKnownFileType = file; path = "Pretendard-ExtraLight.otf"; sourceTree = "<group>"; };
		BC93BA2D2B56CD8C00775C5F /* Pretendard-Black.otf */ = {isa = PBXFileReference; lastKnownFileType = file; path = "Pretendard-Black.otf"; sourceTree = "<group>"; };
		BC93BA2E2B56CD8C00775C5F /* Pretendard-Regular.otf */ = {isa = PBXFileReference; lastKnownFileType = file; path = "Pretendard-Regular.otf"; sourceTree = "<group>"; };
		BC93BA2F2B56CD8C00775C5F /* Pretendard-SemiBold.otf */ = {isa = PBXFileReference; lastKnownFileType = file; path = "Pretendard-SemiBold.otf"; sourceTree = "<group>"; };
		BC93BA302B56CD8C00775C5F /* Pretendard-ExtraBold.otf */ = {isa = PBXFileReference; lastKnownFileType = file; path = "Pretendard-ExtraBold.otf"; sourceTree = "<group>"; };
		BC93BA312B56CD8C00775C5F /* Pretendard-Bold.otf */ = {isa = PBXFileReference; lastKnownFileType = file; path = "Pretendard-Bold.otf"; sourceTree = "<group>"; };
		BC93BA3C2B56CF2A00775C5F /* UILabel+Extension.swift */ = {isa = PBXFileReference; lastKnownFileType = sourcecode.swift; path = "UILabel+Extension.swift"; sourceTree = "<group>"; };
/* End PBXFileReference section */

/* Begin PBXFrameworksBuildPhase section */
		BC3CECC12B4FACC300546377 /* Frameworks */ = {
			isa = PBXFrameworksBuildPhase;
			buildActionMask = 2147483647;
			files = (
				37D84CD02B6A6C4F00DDB2AF /* ImageSlideshow/Alamofire in Frameworks */,
				37D84CCE2B6A6C4F00DDB2AF /* ImageSlideshow in Frameworks */,
				37229D3D2B5E6E3C00054B57 /* SnapKit in Frameworks */,
				37229D3F2B5E6E3C00054B57 /* SnapKit-Dynamic in Frameworks */,
			);
			runOnlyForDeploymentPostprocessing = 0;
		};
/* End PBXFrameworksBuildPhase section */

/* Begin PBXGroup section */
		3708D5512B71E65800618531 /* Community */ = {
			isa = PBXGroup;
			children = (
				37229D392B5E60C100054B57 /* CommunityView.swift */,
				37229D402B5E7AF700054B57 /* FreeBoardTableViewCell.swift */,
			);
			path = Community;
			sourceTree = "<group>";
		};
		37229D342B5E605B00054B57 /* View */ = {
			isa = PBXGroup;
			children = (
				37DD822F2B7BD8390088CA9A /* CommunityPost */,
				3708D5512B71E65800618531 /* Community */,
				37D84CDB2B6B8B9400DDB2AF /* FreeBoardDetail */,
			);
			path = View;
			sourceTree = "<group>";
		};
		37229D352B5E605D00054B57 /* Controller */ = {
			isa = PBXGroup;
			children = (
				37229D372B5E60AD00054B57 /* CommunityViewController.swift */,
				37DD822D2B7BD80E0088CA9A /* CommunityPostViewController.swift */,
				37D84CD12B6B7F7000DDB2AF /* FreeBoardDetailViewController.swift */,
			);
			path = Controller;
			sourceTree = "<group>";
		};
		37D84CDB2B6B8B9400DDB2AF /* FreeBoardDetail */ = {
			isa = PBXGroup;
			children = (
				37D84CD32B6B821600DDB2AF /* FreeBoardDetailView.swift */,
				37D84CD52B6B86BC00DDB2AF /* FreeBoardDetailContentTableViewCell.swift */,
				37D84CD72B6B8A3600DDB2AF /* FreeBoardDetailCommentTableViewCell.swift */,
				37D84CD92B6B8B8D00DDB2AF /* FreeBoardDetailNestedCommentTableViewCell.swift */,
			);
			path = FreeBoardDetail;
			sourceTree = "<group>";
		};
		37DD822F2B7BD8390088CA9A /* CommunityPost */ = {
			isa = PBXGroup;
			children = (
				37DD82302B7BD8750088CA9A /* CommunityPostView.swift */,
			);
			path = CommunityPost;
			sourceTree = "<group>";
		};
		BC3CECBB2B4FACC300546377 = {
			isa = PBXGroup;
			children = (
				BC3CECC62B4FACC300546377 /* UMC-Kitten-iOS */,
				BC3CECC52B4FACC300546377 /* Products */,
			);
			sourceTree = "<group>";
		};
		BC3CECC52B4FACC300546377 /* Products */ = {
			isa = PBXGroup;
			children = (
				BC3CECC42B4FACC300546377 /* UMC-Kitten-iOS.app */,
			);
			name = Products;
			sourceTree = "<group>";
		};
		BC3CECC62B4FACC300546377 /* UMC-Kitten-iOS */ = {
			isa = PBXGroup;
			children = (
				BC93BA3B2B56CF1D00775C5F /* Extension */,
				BC93BA282B56CD7800775C5F /* Font */,
				37229D342B5E605B00054B57 /* View */,
				37229D352B5E605D00054B57 /* Controller */,
				BC3CECC72B4FACC300546377 /* AppDelegate.swift */,
				BC3CECC92B4FACC300546377 /* SceneDelegate.swift */,
				BC3CECCB2B4FACC300546377 /* ViewController.swift */,
				BC3CECCD2B4FACC300546377 /* Main.storyboard */,
				BC3CECD02B4FACC400546377 /* Assets.xcassets */,
				BC3CECD22B4FACC400546377 /* LaunchScreen.storyboard */,
				BC3CECD52B4FACC400546377 /* Info.plist */,
			);
			path = "UMC-Kitten-iOS";
			sourceTree = "<group>";
		};
		BC93BA282B56CD7800775C5F /* Font */ = {
			isa = PBXGroup;
			children = (
				BC93BA2D2B56CD8C00775C5F /* Pretendard-Black.otf */,
				BC93BA312B56CD8C00775C5F /* Pretendard-Bold.otf */,
				BC93BA302B56CD8C00775C5F /* Pretendard-ExtraBold.otf */,
				BC93BA2C2B56CD8C00775C5F /* Pretendard-ExtraLight.otf */,
				BC93BA292B56CD8C00775C5F /* Pretendard-Light.otf */,
				BC93BA2A2B56CD8C00775C5F /* Pretendard-Medium.otf */,
				BC93BA2E2B56CD8C00775C5F /* Pretendard-Regular.otf */,
				BC93BA2F2B56CD8C00775C5F /* Pretendard-SemiBold.otf */,
				BC93BA2B2B56CD8C00775C5F /* Pretendard-Thin.otf */,
			);
			path = Font;
			sourceTree = "<group>";
		};
		BC93BA3B2B56CF1D00775C5F /* Extension */ = {
			isa = PBXGroup;
			children = (
				BC93BA3C2B56CF2A00775C5F /* UILabel+Extension.swift */,
			);
			path = Extension;
			sourceTree = "<group>";
		};
/* End PBXGroup section */

/* Begin PBXNativeTarget section */
		BC3CECC32B4FACC300546377 /* UMC-Kitten-iOS */ = {
			isa = PBXNativeTarget;
			buildConfigurationList = BC3CECD82B4FACC400546377 /* Build configuration list for PBXNativeTarget "UMC-Kitten-iOS" */;
			buildPhases = (
				BC3CECC02B4FACC300546377 /* Sources */,
				BC3CECC12B4FACC300546377 /* Frameworks */,
				BC3CECC22B4FACC300546377 /* Resources */,
			);
			buildRules = (
			);
			dependencies = (
			);
			name = "UMC-Kitten-iOS";
			packageProductDependencies = (
				37229D3C2B5E6E3C00054B57 /* SnapKit */,
				37229D3E2B5E6E3C00054B57 /* SnapKit-Dynamic */,
				37D84CCD2B6A6C4F00DDB2AF /* ImageSlideshow */,
				37D84CCF2B6A6C4F00DDB2AF /* ImageSlideshow/Alamofire */,
			);
			productName = "UMC-Kitten-iOS";
			productReference = BC3CECC42B4FACC300546377 /* UMC-Kitten-iOS.app */;
			productType = "com.apple.product-type.application";
		};
/* End PBXNativeTarget section */

/* Begin PBXProject section */
		BC3CECBC2B4FACC300546377 /* Project object */ = {
			isa = PBXProject;
			attributes = {
				BuildIndependentTargetsInParallel = 1;
				LastSwiftUpdateCheck = 1520;
				LastUpgradeCheck = 1520;
				TargetAttributes = {
					BC3CECC32B4FACC300546377 = {
						CreatedOnToolsVersion = 15.2;
					};
				};
			};
			buildConfigurationList = BC3CECBF2B4FACC300546377 /* Build configuration list for PBXProject "UMC-Kitten-iOS" */;
			compatibilityVersion = "Xcode 14.0";
			developmentRegion = en;
			hasScannedForEncodings = 0;
			knownRegions = (
				en,
				Base,
			);
			mainGroup = BC3CECBB2B4FACC300546377;
			packageReferences = (
				37229D3B2B5E6E3C00054B57 /* XCRemoteSwiftPackageReference "SnapKit" */,
				37D84CCC2B6A6C4F00DDB2AF /* XCRemoteSwiftPackageReference "ImageSlideshow" */,
			);
			productRefGroup = BC3CECC52B4FACC300546377 /* Products */;
			projectDirPath = "";
			projectRoot = "";
			targets = (
				BC3CECC32B4FACC300546377 /* UMC-Kitten-iOS */,
			);
		};
/* End PBXProject section */

/* Begin PBXResourcesBuildPhase section */
		BC3CECC22B4FACC300546377 /* Resources */ = {
			isa = PBXResourcesBuildPhase;
			buildActionMask = 2147483647;
			files = (
				BC93BA322B56CEDE00775C5F /* Pretendard-Black.otf in Resources */,
				BC93BA332B56CEDE00775C5F /* Pretendard-Bold.otf in Resources */,
				BC93BA342B56CEDE00775C5F /* Pretendard-ExtraBold.otf in Resources */,
				BC93BA352B56CEDE00775C5F /* Pretendard-ExtraLight.otf in Resources */,
				BC93BA362B56CEDE00775C5F /* Pretendard-Light.otf in Resources */,
				BC93BA372B56CEDE00775C5F /* Pretendard-Medium.otf in Resources */,
				BC93BA382B56CEDE00775C5F /* Pretendard-Regular.otf in Resources */,
				BC93BA392B56CEDE00775C5F /* Pretendard-SemiBold.otf in Resources */,
				BC93BA3A2B56CEDE00775C5F /* Pretendard-Thin.otf in Resources */,
				BC3CECD42B4FACC400546377 /* LaunchScreen.storyboard in Resources */,
				BC3CECD12B4FACC400546377 /* Assets.xcassets in Resources */,
				BC3CECCF2B4FACC300546377 /* Main.storyboard in Resources */,
			);
			runOnlyForDeploymentPostprocessing = 0;
		};
/* End PBXResourcesBuildPhase section */

/* Begin PBXSourcesBuildPhase section */
		BC3CECC02B4FACC300546377 /* Sources */ = {
			isa = PBXSourcesBuildPhase;
			buildActionMask = 2147483647;
			files = (
				37DD822E2B7BD80F0088CA9A /* CommunityPostViewController.swift in Sources */,
				BC3CECCC2B4FACC300546377 /* ViewController.swift in Sources */,
				BC3CECC82B4FACC300546377 /* AppDelegate.swift in Sources */,
				37D84CD42B6B821600DDB2AF /* FreeBoardDetailView.swift in Sources */,
				37DD82312B7BD8750088CA9A /* CommunityPostView.swift in Sources */,
				37229D3A2B5E60C100054B57 /* CommunityView.swift in Sources */,
				BC93BA3D2B56CF2A00775C5F /* UILabel+Extension.swift in Sources */,
				37229D382B5E60AD00054B57 /* CommunityViewController.swift in Sources */,
				37D84CD62B6B86BC00DDB2AF /* FreeBoardDetailContentTableViewCell.swift in Sources */,
				BC3CECCA2B4FACC300546377 /* SceneDelegate.swift in Sources */,
				37D84CDA2B6B8B8D00DDB2AF /* FreeBoardDetailNestedCommentTableViewCell.swift in Sources */,
				37D84CD82B6B8A3600DDB2AF /* FreeBoardDetailCommentTableViewCell.swift in Sources */,
				37D84CD22B6B7F7100DDB2AF /* FreeBoardDetailViewController.swift in Sources */,
				37229D412B5E7AF700054B57 /* FreeBoardTableViewCell.swift in Sources */,
			);
			runOnlyForDeploymentPostprocessing = 0;
		};
/* End PBXSourcesBuildPhase section */

/* Begin PBXVariantGroup section */
		BC3CECCD2B4FACC300546377 /* Main.storyboard */ = {
			isa = PBXVariantGroup;
			children = (
				BC3CECCE2B4FACC300546377 /* Base */,
			);
			name = Main.storyboard;
			sourceTree = "<group>";
		};
		BC3CECD22B4FACC400546377 /* LaunchScreen.storyboard */ = {
			isa = PBXVariantGroup;
			children = (
				BC3CECD32B4FACC400546377 /* Base */,
			);
			name = LaunchScreen.storyboard;
			sourceTree = "<group>";
		};
/* End PBXVariantGroup section */

/* Begin XCBuildConfiguration section */
		BC3CECD62B4FACC400546377 /* Debug */ = {
			isa = XCBuildConfiguration;
			buildSettings = {
				ALWAYS_SEARCH_USER_PATHS = NO;
				ASSETCATALOG_COMPILER_GENERATE_SWIFT_ASSET_SYMBOL_EXTENSIONS = YES;
				CLANG_ANALYZER_NONNULL = YES;
				CLANG_ANALYZER_NUMBER_OBJECT_CONVERSION = YES_AGGRESSIVE;
				CLANG_CXX_LANGUAGE_STANDARD = "gnu++20";
				CLANG_ENABLE_MODULES = YES;
				CLANG_ENABLE_OBJC_ARC = YES;
				CLANG_ENABLE_OBJC_WEAK = YES;
				CLANG_WARN_BLOCK_CAPTURE_AUTORELEASING = YES;
				CLANG_WARN_BOOL_CONVERSION = YES;
				CLANG_WARN_COMMA = YES;
				CLANG_WARN_CONSTANT_CONVERSION = YES;
				CLANG_WARN_DEPRECATED_OBJC_IMPLEMENTATIONS = YES;
				CLANG_WARN_DIRECT_OBJC_ISA_USAGE = YES_ERROR;
				CLANG_WARN_DOCUMENTATION_COMMENTS = YES;
				CLANG_WARN_EMPTY_BODY = YES;
				CLANG_WARN_ENUM_CONVERSION = YES;
				CLANG_WARN_INFINITE_RECURSION = YES;
				CLANG_WARN_INT_CONVERSION = YES;
				CLANG_WARN_NON_LITERAL_NULL_CONVERSION = YES;
				CLANG_WARN_OBJC_IMPLICIT_RETAIN_SELF = YES;
				CLANG_WARN_OBJC_LITERAL_CONVERSION = YES;
				CLANG_WARN_OBJC_ROOT_CLASS = YES_ERROR;
				CLANG_WARN_QUOTED_INCLUDE_IN_FRAMEWORK_HEADER = YES;
				CLANG_WARN_RANGE_LOOP_ANALYSIS = YES;
				CLANG_WARN_STRICT_PROTOTYPES = YES;
				CLANG_WARN_SUSPICIOUS_MOVE = YES;
				CLANG_WARN_UNGUARDED_AVAILABILITY = YES_AGGRESSIVE;
				CLANG_WARN_UNREACHABLE_CODE = YES;
				CLANG_WARN__DUPLICATE_METHOD_MATCH = YES;
				COPY_PHASE_STRIP = NO;
				DEBUG_INFORMATION_FORMAT = dwarf;
				ENABLE_STRICT_OBJC_MSGSEND = YES;
				ENABLE_TESTABILITY = YES;
				ENABLE_USER_SCRIPT_SANDBOXING = YES;
				GCC_C_LANGUAGE_STANDARD = gnu17;
				GCC_DYNAMIC_NO_PIC = NO;
				GCC_NO_COMMON_BLOCKS = YES;
				GCC_OPTIMIZATION_LEVEL = 0;
				GCC_PREPROCESSOR_DEFINITIONS = (
					"DEBUG=1",
					"$(inherited)",
				);
				GCC_WARN_64_TO_32_BIT_CONVERSION = YES;
				GCC_WARN_ABOUT_RETURN_TYPE = YES_ERROR;
				GCC_WARN_UNDECLARED_SELECTOR = YES;
				GCC_WARN_UNINITIALIZED_AUTOS = YES_AGGRESSIVE;
				GCC_WARN_UNUSED_FUNCTION = YES;
				GCC_WARN_UNUSED_VARIABLE = YES;
				IPHONEOS_DEPLOYMENT_TARGET = none;
				LOCALIZATION_PREFERS_STRING_CATALOGS = YES;
				MTL_ENABLE_DEBUG_INFO = INCLUDE_SOURCE;
				MTL_FAST_MATH = YES;
				ONLY_ACTIVE_ARCH = YES;
				SDKROOT = iphoneos;
				SWIFT_ACTIVE_COMPILATION_CONDITIONS = "DEBUG $(inherited)";
				SWIFT_OPTIMIZATION_LEVEL = "-Onone";
			};
			name = Debug;
		};
		BC3CECD72B4FACC400546377 /* Release */ = {
			isa = XCBuildConfiguration;
			buildSettings = {
				ALWAYS_SEARCH_USER_PATHS = NO;
				ASSETCATALOG_COMPILER_GENERATE_SWIFT_ASSET_SYMBOL_EXTENSIONS = YES;
				CLANG_ANALYZER_NONNULL = YES;
				CLANG_ANALYZER_NUMBER_OBJECT_CONVERSION = YES_AGGRESSIVE;
				CLANG_CXX_LANGUAGE_STANDARD = "gnu++20";
				CLANG_ENABLE_MODULES = YES;
				CLANG_ENABLE_OBJC_ARC = YES;
				CLANG_ENABLE_OBJC_WEAK = YES;
				CLANG_WARN_BLOCK_CAPTURE_AUTORELEASING = YES;
				CLANG_WARN_BOOL_CONVERSION = YES;
				CLANG_WARN_COMMA = YES;
				CLANG_WARN_CONSTANT_CONVERSION = YES;
				CLANG_WARN_DEPRECATED_OBJC_IMPLEMENTATIONS = YES;
				CLANG_WARN_DIRECT_OBJC_ISA_USAGE = YES_ERROR;
				CLANG_WARN_DOCUMENTATION_COMMENTS = YES;
				CLANG_WARN_EMPTY_BODY = YES;
				CLANG_WARN_ENUM_CONVERSION = YES;
				CLANG_WARN_INFINITE_RECURSION = YES;
				CLANG_WARN_INT_CONVERSION = YES;
				CLANG_WARN_NON_LITERAL_NULL_CONVERSION = YES;
				CLANG_WARN_OBJC_IMPLICIT_RETAIN_SELF = YES;
				CLANG_WARN_OBJC_LITERAL_CONVERSION = YES;
				CLANG_WARN_OBJC_ROOT_CLASS = YES_ERROR;
				CLANG_WARN_QUOTED_INCLUDE_IN_FRAMEWORK_HEADER = YES;
				CLANG_WARN_RANGE_LOOP_ANALYSIS = YES;
				CLANG_WARN_STRICT_PROTOTYPES = YES;
				CLANG_WARN_SUSPICIOUS_MOVE = YES;
				CLANG_WARN_UNGUARDED_AVAILABILITY = YES_AGGRESSIVE;
				CLANG_WARN_UNREACHABLE_CODE = YES;
				CLANG_WARN__DUPLICATE_METHOD_MATCH = YES;
				COPY_PHASE_STRIP = NO;
				DEBUG_INFORMATION_FORMAT = "dwarf-with-dsym";
				ENABLE_NS_ASSERTIONS = NO;
				ENABLE_STRICT_OBJC_MSGSEND = YES;
				ENABLE_USER_SCRIPT_SANDBOXING = YES;
				GCC_C_LANGUAGE_STANDARD = gnu17;
				GCC_NO_COMMON_BLOCKS = YES;
				GCC_WARN_64_TO_32_BIT_CONVERSION = YES;
				GCC_WARN_ABOUT_RETURN_TYPE = YES_ERROR;
				GCC_WARN_UNDECLARED_SELECTOR = YES;
				GCC_WARN_UNINITIALIZED_AUTOS = YES_AGGRESSIVE;
				GCC_WARN_UNUSED_FUNCTION = YES;
				GCC_WARN_UNUSED_VARIABLE = YES;
				IPHONEOS_DEPLOYMENT_TARGET = none;
				LOCALIZATION_PREFERS_STRING_CATALOGS = YES;
				MTL_ENABLE_DEBUG_INFO = NO;
				MTL_FAST_MATH = YES;
				SDKROOT = iphoneos;
				SWIFT_COMPILATION_MODE = wholemodule;
				VALIDATE_PRODUCT = YES;
			};
			name = Release;
		};
		BC3CECD92B4FACC400546377 /* Debug */ = {
			isa = XCBuildConfiguration;
			buildSettings = {
				ASSETCATALOG_COMPILER_APPICON_NAME = AppIcon;
				ASSETCATALOG_COMPILER_GLOBAL_ACCENT_COLOR_NAME = AccentColor;
				CODE_SIGN_STYLE = Automatic;
				CURRENT_PROJECT_VERSION = 1;
				DEVELOPMENT_TEAM = N8MX74Y447;
				GENERATE_INFOPLIST_FILE = YES;
				INFOPLIST_FILE = "UMC-Kitten-iOS/Info.plist";
				INFOPLIST_KEY_UIApplicationSupportsIndirectInputEvents = YES;
				INFOPLIST_KEY_UILaunchStoryboardName = LaunchScreen;
				INFOPLIST_KEY_UIMainStoryboardFile = Main;
				INFOPLIST_KEY_UISupportedInterfaceOrientations_iPad = "UIInterfaceOrientationPortrait UIInterfaceOrientationPortraitUpsideDown UIInterfaceOrientationLandscapeLeft UIInterfaceOrientationLandscapeRight";
				INFOPLIST_KEY_UISupportedInterfaceOrientations_iPhone = "UIInterfaceOrientationPortrait UIInterfaceOrientationLandscapeLeft UIInterfaceOrientationLandscapeRight";
				IPHONEOS_DEPLOYMENT_TARGET = 17.0;
				LD_RUNPATH_SEARCH_PATHS = (
					"$(inherited)",
					"@executable_path/Frameworks",
				);
				MARKETING_VERSION = 1.0;
				PRODUCT_BUNDLE_IDENTIFIER = "doyeon.UMC-Kitten-iOS";
				PRODUCT_NAME = "$(TARGET_NAME)";
				SWIFT_EMIT_LOC_STRINGS = YES;
				SWIFT_VERSION = 5.0;
				TARGETED_DEVICE_FAMILY = "1,2";
			};
			name = Debug;
		};
		BC3CECDA2B4FACC400546377 /* Release */ = {
			isa = XCBuildConfiguration;
			buildSettings = {
				ASSETCATALOG_COMPILER_APPICON_NAME = AppIcon;
				ASSETCATALOG_COMPILER_GLOBAL_ACCENT_COLOR_NAME = AccentColor;
				CODE_SIGN_STYLE = Automatic;
				CURRENT_PROJECT_VERSION = 1;
				DEVELOPMENT_TEAM = N8MX74Y447;
				GENERATE_INFOPLIST_FILE = YES;
				INFOPLIST_FILE = "UMC-Kitten-iOS/Info.plist";
				INFOPLIST_KEY_UIApplicationSupportsIndirectInputEvents = YES;
				INFOPLIST_KEY_UILaunchStoryboardName = LaunchScreen;
				INFOPLIST_KEY_UIMainStoryboardFile = Main;
				INFOPLIST_KEY_UISupportedInterfaceOrientations_iPad = "UIInterfaceOrientationPortrait UIInterfaceOrientationPortraitUpsideDown UIInterfaceOrientationLandscapeLeft UIInterfaceOrientationLandscapeRight";
				INFOPLIST_KEY_UISupportedInterfaceOrientations_iPhone = "UIInterfaceOrientationPortrait UIInterfaceOrientationLandscapeLeft UIInterfaceOrientationLandscapeRight";
				IPHONEOS_DEPLOYMENT_TARGET = 17.0;
				LD_RUNPATH_SEARCH_PATHS = (
					"$(inherited)",
					"@executable_path/Frameworks",
				);
				MARKETING_VERSION = 1.0;
				PRODUCT_BUNDLE_IDENTIFIER = "doyeon.UMC-Kitten-iOS";
				PRODUCT_NAME = "$(TARGET_NAME)";
				SWIFT_EMIT_LOC_STRINGS = YES;
				SWIFT_VERSION = 5.0;
				TARGETED_DEVICE_FAMILY = "1,2";
			};
			name = Release;
		};
/* End XCBuildConfiguration section */

/* Begin XCConfigurationList section */
		BC3CECBF2B4FACC300546377 /* Build configuration list for PBXProject "UMC-Kitten-iOS" */ = {
			isa = XCConfigurationList;
			buildConfigurations = (
				BC3CECD62B4FACC400546377 /* Debug */,
				BC3CECD72B4FACC400546377 /* Release */,
			);
			defaultConfigurationIsVisible = 0;
			defaultConfigurationName = Release;
		};
		BC3CECD82B4FACC400546377 /* Build configuration list for PBXNativeTarget "UMC-Kitten-iOS" */ = {
			isa = XCConfigurationList;
			buildConfigurations = (
				BC3CECD92B4FACC400546377 /* Debug */,
				BC3CECDA2B4FACC400546377 /* Release */,
			);
			defaultConfigurationIsVisible = 0;
			defaultConfigurationName = Release;
		};
/* End XCConfigurationList section */

/* Begin XCRemoteSwiftPackageReference section */
		37229D3B2B5E6E3C00054B57 /* XCRemoteSwiftPackageReference "SnapKit" */ = {
			isa = XCRemoteSwiftPackageReference;
			repositoryURL = "https://github.com/SnapKit/SnapKit.git";
			requirement = {
				kind = upToNextMajorVersion;
				minimumVersion = 5.6.0;
			};
		};
		37D84CCC2B6A6C4F00DDB2AF /* XCRemoteSwiftPackageReference "ImageSlideshow" */ = {
			isa = XCRemoteSwiftPackageReference;
			repositoryURL = "https://github.com/zvonicek/ImageSlideshow";
			requirement = {
				kind = upToNextMajorVersion;
				minimumVersion = 1.9.2;
			};
		};
/* End XCRemoteSwiftPackageReference section */

/* Begin XCSwiftPackageProductDependency section */
		37229D3C2B5E6E3C00054B57 /* SnapKit */ = {
			isa = XCSwiftPackageProductDependency;
			package = 37229D3B2B5E6E3C00054B57 /* XCRemoteSwiftPackageReference "SnapKit" */;
			productName = SnapKit;
		};
		37229D3E2B5E6E3C00054B57 /* SnapKit-Dynamic */ = {
			isa = XCSwiftPackageProductDependency;
			package = 37229D3B2B5E6E3C00054B57 /* XCRemoteSwiftPackageReference "SnapKit" */;
			productName = "SnapKit-Dynamic";
		};
		37D84CCD2B6A6C4F00DDB2AF /* ImageSlideshow */ = {
			isa = XCSwiftPackageProductDependency;
			package = 37D84CCC2B6A6C4F00DDB2AF /* XCRemoteSwiftPackageReference "ImageSlideshow" */;
			productName = ImageSlideshow;
		};
		37D84CCF2B6A6C4F00DDB2AF /* ImageSlideshow/Alamofire */ = {
			isa = XCSwiftPackageProductDependency;
			package = 37D84CCC2B6A6C4F00DDB2AF /* XCRemoteSwiftPackageReference "ImageSlideshow" */;
			productName = ImageSlideshow/Alamofire;
		};
/* End XCSwiftPackageProductDependency section */
	};
	rootObject = BC3CECBC2B4FACC300546377 /* Project object */;
}
